{
  "lockfileVersion": 1,
  "workspaces": {
    "": {
      "name": "email",
      "dependencies": {
        "@aws-sdk/client-sqs": "^3.777.0",
        "chalk": "^5.4.1",
        "dotenv": "^16.4.7",
        "email": "file:",
        "hono": "^4.7.4",
        "nodemailer": "^6.10.0",
        "zod": "^3.24.2",
      },
      "devDependencies": {
        "@types/bun": "latest",
        "@types/nodemailer": "^6.4.17",
        "prettier": "^3.5.3",
      },
    },
  },
  "packages": {
    "@aws-crypto/sha256-browser": ["@aws-crypto/sha256-browser@5.2.0", "", { "dependencies": { "@aws-crypto/sha256-js": "^5.2.0", "@aws-crypto/supports-web-crypto": "^5.2.0", "@aws-crypto/util": "^5.2.0", "@aws-sdk/types": "^3.222.0", "@aws-sdk/util-locate-window": "^3.0.0", "@smithy/util-utf8": "^2.0.0", "tslib": "^2.6.2" } }, "sha512-AXfN/lGotSQwu6HNcEsIASo7kWXZ5HYWvfOmSNKDsEqC4OashTp8alTmaz+F7TC2L083SFv5RdB+qU3Vs1kZqw=="],

    "@aws-crypto/sha256-js": ["@aws-crypto/sha256-js@5.2.0", "", { "dependencies": { "@aws-crypto/util": "^5.2.0", "@aws-sdk/types": "^3.222.0", "tslib": "^2.6.2" } }, "sha512-FFQQyu7edu4ufvIZ+OadFpHHOt+eSTBaYaki44c+akjg7qZg9oOQeLlk77F6tSYqjDAFClrHJk9tMf0HdVyOvA=="],

    "@aws-crypto/supports-web-crypto": ["@aws-crypto/supports-web-crypto@5.2.0", "", { "dependencies": { "tslib": "^2.6.2" } }, "sha512-iAvUotm021kM33eCdNfwIN//F77/IADDSs58i+MDaOqFrVjZo9bAal0NK7HurRuWLLpF1iLX7gbWrjHjeo+YFg=="],

    "@aws-crypto/util": ["@aws-crypto/util@5.2.0", "", { "dependencies": { "@aws-sdk/types": "^3.222.0", "@smithy/util-utf8": "^2.0.0", "tslib": "^2.6.2" } }, "sha512-4RkU9EsI6ZpBve5fseQlGNUWKMa1RLPQ1dnjnQoe07ldfIzcsGb5hC5W0Dm7u423KWzawlrpbjXBrXCEv9zazQ=="],

    "@aws-sdk/client-sqs": ["@aws-sdk/client-sqs@3.806.0", "", { "dependencies": { "@aws-crypto/sha256-browser": "5.2.0", "@aws-crypto/sha256-js": "5.2.0", "@aws-sdk/core": "3.806.0", "@aws-sdk/credential-provider-node": "3.806.0", "@aws-sdk/middleware-host-header": "3.804.0", "@aws-sdk/middleware-logger": "3.804.0", "@aws-sdk/middleware-recursion-detection": "3.804.0", "@aws-sdk/middleware-sdk-sqs": "3.806.0", "@aws-sdk/middleware-user-agent": "3.806.0", "@aws-sdk/region-config-resolver": "3.806.0", "@aws-sdk/types": "3.804.0", "@aws-sdk/util-endpoints": "3.806.0", "@aws-sdk/util-user-agent-browser": "3.804.0", "@aws-sdk/util-user-agent-node": "3.806.0", "@smithy/config-resolver": "^4.1.1", "@smithy/core": "^3.3.1", "@smithy/fetch-http-handler": "^5.0.2", "@smithy/hash-node": "^4.0.2", "@smithy/invalid-dependency": "^4.0.2", "@smithy/md5-js": "^4.0.2", "@smithy/middleware-content-length": "^4.0.2", "@smithy/middleware-endpoint": "^4.1.3", "@smithy/middleware-retry": "^4.1.4", "@smithy/middleware-serde": "^4.0.3", "@smithy/middleware-stack": "^4.0.2", "@smithy/node-config-provider": "^4.1.0", "@smithy/node-http-handler": "^4.0.4", "@smithy/protocol-http": "^5.1.0", "@smithy/smithy-client": "^4.2.3", "@smithy/types": "^4.2.0", "@smithy/url-parser": "^4.0.2", "@smithy/util-base64": "^4.0.0", "@smithy/util-body-length-browser": "^4.0.0", "@smithy/util-body-length-node": "^4.0.0", "@smithy/util-defaults-mode-browser": "^4.0.11", "@smithy/util-defaults-mode-node": "^4.0.11", "@smithy/util-endpoints": "^3.0.3", "@smithy/util-middleware": "^4.0.2", "@smithy/util-retry": "^4.0.3", "@smithy/util-utf8": "^4.0.0", "tslib": "^2.6.2" } }, "sha512-JvoLtAa+mS8N90smkAg7lYVi/tdV1JbGrPoRJYLOGpA6N2mn7Atv580dWTJQ3m4lhmTgBJjVnMlo3AN/UJ+VIA=="],

    "@aws-sdk/client-sso": ["@aws-sdk/client-sso@3.806.0", "", { "dependencies": { "@aws-crypto/sha256-browser": "5.2.0", "@aws-crypto/sha256-js": "5.2.0", "@aws-sdk/core": "3.806.0", "@aws-sdk/middleware-host-header": "3.804.0", "@aws-sdk/middleware-logger": "3.804.0", "@aws-sdk/middleware-recursion-detection": "3.804.0", "@aws-sdk/middleware-user-agent": "3.806.0", "@aws-sdk/region-config-resolver": "3.806.0", "@aws-sdk/types": "3.804.0", "@aws-sdk/util-endpoints": "3.806.0", "@aws-sdk/util-user-agent-browser": "3.804.0", "@aws-sdk/util-user-agent-node": "3.806.0", "@smithy/config-resolver": "^4.1.1", "@smithy/core": "^3.3.1", "@smithy/fetch-http-handler": "^5.0.2", "@smithy/hash-node": "^4.0.2", "@smithy/invalid-dependency": "^4.0.2", "@smithy/middleware-content-length": "^4.0.2", "@smithy/middleware-endpoint": "^4.1.3", "@smithy/middleware-retry": "^4.1.4", "@smithy/middleware-serde": "^4.0.3", "@smithy/middleware-stack": "^4.0.2", "@smithy/node-config-provider": "^4.1.0", "@smithy/node-http-handler": "^4.0.4", "@smithy/protocol-http": "^5.1.0", "@smithy/smithy-client": "^4.2.3", "@smithy/types": "^4.2.0", "@smithy/url-parser": "^4.0.2", "@smithy/util-base64": "^4.0.0", "@smithy/util-body-length-browser": "^4.0.0", "@smithy/util-body-length-node": "^4.0.0", "@smithy/util-defaults-mode-browser": "^4.0.11", "@smithy/util-defaults-mode-node": "^4.0.11", "@smithy/util-endpoints": "^3.0.3", "@smithy/util-middleware": "^4.0.2", "@smithy/util-retry": "^4.0.3", "@smithy/util-utf8": "^4.0.0", "tslib": "^2.6.2" } }, "sha512-X0p/9/u9e6b22rlQqKucdtjdqmjSNB4c/8zDEoD5MvgYAAbMF9HNE0ST2xaA/WsJ7uE0jFfhPY2/00pslL1DqQ=="],

    "@aws-sdk/core": ["@aws-sdk/core@3.806.0", "", { "dependencies": { "@aws-sdk/types": "3.804.0", "@smithy/core": "^3.3.1", "@smithy/node-config-provider": "^4.1.0", "@smithy/property-provider": "^4.0.2", "@smithy/protocol-http": "^5.1.0", "@smithy/signature-v4": "^5.1.0", "@smithy/smithy-client": "^4.2.3", "@smithy/types": "^4.2.0", "@smithy/util-middleware": "^4.0.2", "fast-xml-parser": "4.4.1", "tslib": "^2.6.2" } }, "sha512-HJRINPncdjPK0iL3f6cBpqCMaxVwq2oDbRCzOx04tsLZ0tNgRACBfT3d/zNVRvMt6fnOVKXoN1LAtQaw50pjEA=="],

    "@aws-sdk/credential-provider-env": ["@aws-sdk/credential-provider-env@3.806.0", "", { "dependencies": { "@aws-sdk/core": "3.806.0", "@aws-sdk/types": "3.804.0", "@smithy/property-provider": "^4.0.2", "@smithy/types": "^4.2.0", "tslib": "^2.6.2" } }, "sha512-nbPwmZn0kt6Q1XI2FaJWP6AhF9tro4cO5HlmZQx8NU+B0H1y9WMo659Q5zLLY46BXgoQVIJEsPSZpcZk27O4aw=="],

    "@aws-sdk/credential-provider-http": ["@aws-sdk/credential-provider-http@3.806.0", "", { "dependencies": { "@aws-sdk/core": "3.806.0", "@aws-sdk/types": "3.804.0", "@smithy/fetch-http-handler": "^5.0.2", "@smithy/node-http-handler": "^4.0.4", "@smithy/property-provider": "^4.0.2", "@smithy/protocol-http": "^5.1.0", "@smithy/smithy-client": "^4.2.3", "@smithy/types": "^4.2.0", "@smithy/util-stream": "^4.2.0", "tslib": "^2.6.2" } }, "sha512-e/gB2iJQQ4ZpecOVpEFhEvjGwuTqNCzhVaVsFYVc49FPfR1seuN7qBGYe1MO7mouGDQFInzJgcNup0DnYUrLiw=="],

    "@aws-sdk/credential-provider-ini": ["@aws-sdk/credential-provider-ini@3.806.0", "", { "dependencies": { "@aws-sdk/core": "3.806.0", "@aws-sdk/credential-provider-env": "3.806.0", "@aws-sdk/credential-provider-http": "3.806.0", "@aws-sdk/credential-provider-process": "3.806.0", "@aws-sdk/credential-provider-sso": "3.806.0", "@aws-sdk/credential-provider-web-identity": "3.806.0", "@aws-sdk/nested-clients": "3.806.0", "@aws-sdk/types": "3.804.0", "@smithy/credential-provider-imds": "^4.0.2", "@smithy/property-provider": "^4.0.2", "@smithy/shared-ini-file-loader": "^4.0.2", "@smithy/types": "^4.2.0", "tslib": "^2.6.2" } }, "sha512-FogfbuYSEZgFxbNy0QcsBZHHe5mSv5HV3+JyB5n0kCyjOISCVCZD7gwxKdXjt8O1hXq5k5SOdQvydGULlB6rew=="],

    "@aws-sdk/credential-provider-node": ["@aws-sdk/credential-provider-node@3.806.0", "", { "dependencies": { "@aws-sdk/credential-provider-env": "3.806.0", "@aws-sdk/credential-provider-http": "3.806.0", "@aws-sdk/credential-provider-ini": "3.806.0", "@aws-sdk/credential-provider-process": "3.806.0", "@aws-sdk/credential-provider-sso": "3.806.0", "@aws-sdk/credential-provider-web-identity": "3.806.0", "@aws-sdk/types": "3.804.0", "@smithy/credential-provider-imds": "^4.0.2", "@smithy/property-provider": "^4.0.2", "@smithy/shared-ini-file-loader": "^4.0.2", "@smithy/types": "^4.2.0", "tslib": "^2.6.2" } }, "sha512-fZX8xP2Kf0k70kDTog/87fh/M+CV0E2yujSw1cUBJhDSwDX3RlUahiJk7TpB/KGw6hEFESMd6+7kq3UzYuw3rg=="],

    "@aws-sdk/credential-provider-process": ["@aws-sdk/credential-provider-process@3.806.0", "", { "dependencies": { "@aws-sdk/core": "3.806.0", "@aws-sdk/types": "3.804.0", "@smithy/property-provider": "^4.0.2", "@smithy/shared-ini-file-loader": "^4.0.2", "@smithy/types": "^4.2.0", "tslib": "^2.6.2" } }, "sha512-8Y8GYEw/1e5IZRDQL02H6nsTDcRWid/afRMeWg+93oLQmbHcTtdm48tjis+7Xwqy+XazhMDmkbUht11QPTDJcQ=="],

    "@aws-sdk/credential-provider-sso": ["@aws-sdk/credential-provider-sso@3.806.0", "", { "dependencies": { "@aws-sdk/client-sso": "3.806.0", "@aws-sdk/core": "3.806.0", "@aws-sdk/token-providers": "3.806.0", "@aws-sdk/types": "3.804.0", "@smithy/property-provider": "^4.0.2", "@smithy/shared-ini-file-loader": "^4.0.2", "@smithy/types": "^4.2.0", "tslib": "^2.6.2" } }, "sha512-hT9OBwCxWMPBydNhXm2gdNNzx5AJNheS9RglwDDvXWzQ9qDuRztjuMBilMSUMb0HF9K4IqQjYzGqczMuktz4qQ=="],

    "@aws-sdk/credential-provider-web-identity": ["@aws-sdk/credential-provider-web-identity@3.806.0", "", { "dependencies": { "@aws-sdk/core": "3.806.0", "@aws-sdk/nested-clients": "3.806.0", "@aws-sdk/types": "3.804.0", "@smithy/property-provider": "^4.0.2", "@smithy/types": "^4.2.0", "tslib": "^2.6.2" } }, "sha512-XxaSY9Zd3D4ClUGENYMvi52ac5FuJPPAsvRtEfyrSdEpf6QufbMpnexWBZMYRF31h/VutgqtJwosGgNytpxMEg=="],

    "@aws-sdk/middleware-host-header": ["@aws-sdk/middleware-host-header@3.804.0", "", { "dependencies": { "@aws-sdk/types": "3.804.0", "@smithy/protocol-http": "^5.1.0", "@smithy/types": "^4.2.0", "tslib": "^2.6.2" } }, "sha512-bum1hLVBrn2lJCi423Z2fMUYtsbkGI2s4N+2RI2WSjvbaVyMSv/WcejIrjkqiiMR+2Y7m5exgoKeg4/TODLDPQ=="],

    "@aws-sdk/middleware-logger": ["@aws-sdk/middleware-logger@3.804.0", "", { "dependencies": { "@aws-sdk/types": "3.804.0", "@smithy/types": "^4.2.0", "tslib": "^2.6.2" } }, "sha512-w/qLwL3iq0KOPQNat0Kb7sKndl9BtceigINwBU7SpkYWX9L/Lem6f8NPEKrC9Tl4wDBht3Yztub4oRTy/horJA=="],

    "@aws-sdk/middleware-recursion-detection": ["@aws-sdk/middleware-recursion-detection@3.804.0", "", { "dependencies": { "@aws-sdk/types": "3.804.0", "@smithy/protocol-http": "^5.1.0", "@smithy/types": "^4.2.0", "tslib": "^2.6.2" } }, "sha512-zqHOrvLRdsUdN/ehYfZ9Tf8svhbiLLz5VaWUz22YndFv6m9qaAcijkpAOlKexsv3nLBMJdSdJ6GUTAeIy3BZzw=="],

    "@aws-sdk/middleware-sdk-sqs": ["@aws-sdk/middleware-sdk-sqs@3.806.0", "", { "dependencies": { "@aws-sdk/types": "3.804.0", "@smithy/smithy-client": "^4.2.3", "@smithy/types": "^4.2.0", "@smithy/util-hex-encoding": "^4.0.0", "@smithy/util-utf8": "^4.0.0", "tslib": "^2.6.2" } }, "sha512-UHZKudmpl0nquq4iSSMKtypM3RFsybXiagd0mYmBpjG1Jw2oS/7NC4VFmxSnUC3jg8yXY4N9qu658Z4u9OMBDg=="],

    "@aws-sdk/middleware-user-agent": ["@aws-sdk/middleware-user-agent@3.806.0", "", { "dependencies": { "@aws-sdk/core": "3.806.0", "@aws-sdk/types": "3.804.0", "@aws-sdk/util-endpoints": "3.806.0", "@smithy/core": "^3.3.1", "@smithy/protocol-http": "^5.1.0", "@smithy/types": "^4.2.0", "tslib": "^2.6.2" } }, "sha512-XoIromVffgXnc+/mjlR2EVzQVIei3bPVtafIZNsHuEmUvIWJXiWsa2eJpt3BUqa0HF9YPknK7ommNEhqRb8ucg=="],

    "@aws-sdk/nested-clients": ["@aws-sdk/nested-clients@3.806.0", "", { "dependencies": { "@aws-crypto/sha256-browser": "5.2.0", "@aws-crypto/sha256-js": "5.2.0", "@aws-sdk/core": "3.806.0", "@aws-sdk/middleware-host-header": "3.804.0", "@aws-sdk/middleware-logger": "3.804.0", "@aws-sdk/middleware-recursion-detection": "3.804.0", "@aws-sdk/middleware-user-agent": "3.806.0", "@aws-sdk/region-config-resolver": "3.806.0", "@aws-sdk/types": "3.804.0", "@aws-sdk/util-endpoints": "3.806.0", "@aws-sdk/util-user-agent-browser": "3.804.0", "@aws-sdk/util-user-agent-node": "3.806.0", "@smithy/config-resolver": "^4.1.1", "@smithy/core": "^3.3.1", "@smithy/fetch-http-handler": "^5.0.2", "@smithy/hash-node": "^4.0.2", "@smithy/invalid-dependency": "^4.0.2", "@smithy/middleware-content-length": "^4.0.2", "@smithy/middleware-endpoint": "^4.1.3", "@smithy/middleware-retry": "^4.1.4", "@smithy/middleware-serde": "^4.0.3", "@smithy/middleware-stack": "^4.0.2", "@smithy/node-config-provider": "^4.1.0", "@smithy/node-http-handler": "^4.0.4", "@smithy/protocol-http": "^5.1.0", "@smithy/smithy-client": "^4.2.3", "@smithy/types": "^4.2.0", "@smithy/url-parser": "^4.0.2", "@smithy/util-base64": "^4.0.0", "@smithy/util-body-length-browser": "^4.0.0", "@smithy/util-body-length-node": "^4.0.0", "@smithy/util-defaults-mode-browser": "^4.0.11", "@smithy/util-defaults-mode-node": "^4.0.11", "@smithy/util-endpoints": "^3.0.3", "@smithy/util-middleware": "^4.0.2", "@smithy/util-retry": "^4.0.3", "@smithy/util-utf8": "^4.0.0", "tslib": "^2.6.2" } }, "sha512-ua2gzpfQ9MF8Rny+tOAivowOWWvqEusez2rdcQK8jdBjA1ANd/0xzToSZjZh0ziN8Kl8jOhNnHbQJ0v6dT6+hg=="],

    "@aws-sdk/region-config-resolver": ["@aws-sdk/region-config-resolver@3.806.0", "", { "dependencies": { "@aws-sdk/types": "3.804.0", "@smithy/node-config-provider": "^4.1.0", "@smithy/types": "^4.2.0", "@smithy/util-config-provider": "^4.0.0", "@smithy/util-middleware": "^4.0.2", "tslib": "^2.6.2" } }, "sha512-cuv5pX55JOlzKC/iLsB5nZ9eUyVgncim3VhhWHZA/KYPh7rLMjOEfZ+xyaE9uLJXGmzOJboFH7+YdTRdIcOgrg=="],

    "@aws-sdk/token-providers": ["@aws-sdk/token-providers@3.806.0", "", { "dependencies": { "@aws-sdk/nested-clients": "3.806.0", "@aws-sdk/types": "3.804.0", "@smithy/property-provider": "^4.0.2", "@smithy/shared-ini-file-loader": "^4.0.2", "@smithy/types": "^4.2.0", "tslib": "^2.6.2" } }, "sha512-I6SxcsvV7yinJZmPgGullFHS0tsTKa7K3jEc5dmyCz8X+kZPfsWNffZmtmnCvWXPqMXWBvK6hVaxwomx79yeHA=="],

    "@aws-sdk/types": ["@aws-sdk/types@3.804.0", "", { "dependencies": { "@smithy/types": "^4.2.0", "tslib": "^2.6.2" } }, "sha512-A9qnsy9zQ8G89vrPPlNG9d1d8QcKRGqJKqwyGgS0dclJpwy6d1EWgQLIolKPl6vcFpLoe6avLOLxr+h8ur5wpg=="],

    "@aws-sdk/util-endpoints": ["@aws-sdk/util-endpoints@3.806.0", "", { "dependencies": { "@aws-sdk/types": "3.804.0", "@smithy/types": "^4.2.0", "@smithy/util-endpoints": "^3.0.3", "tslib": "^2.6.2" } }, "sha512-3YRRgZ+qFuWDdm5uAbxKsr65UAil4KkrFKua9f4m7Be3v24ETiFOOqhanFUIk9/WOtvzF7oFEiDjYKDGlwV2xg=="],

    "@aws-sdk/util-locate-window": ["@aws-sdk/util-locate-window@3.804.0", "", { "dependencies": { "tslib": "^2.6.2" } }, "sha512-zVoRfpmBVPodYlnMjgVjfGoEZagyRF5IPn3Uo6ZvOZp24chnW/FRstH7ESDHDDRga4z3V+ElUQHKpFDXWyBW5A=="],

    "@aws-sdk/util-user-agent-browser": ["@aws-sdk/util-user-agent-browser@3.804.0", "", { "dependencies": { "@aws-sdk/types": "3.804.0", "@smithy/types": "^4.2.0", "bowser": "^2.11.0", "tslib": "^2.6.2" } }, "sha512-KfW6T6nQHHM/vZBBdGn6fMyG/MgX5lq82TDdX4HRQRRuHKLgBWGpKXqqvBwqIaCdXwWHgDrg2VQups6GqOWW2A=="],

    "@aws-sdk/util-user-agent-node": ["@aws-sdk/util-user-agent-node@3.806.0", "", { "dependencies": { "@aws-sdk/middleware-user-agent": "3.806.0", "@aws-sdk/types": "3.804.0", "@smithy/node-config-provider": "^4.1.0", "@smithy/types": "^4.2.0", "tslib": "^2.6.2" }, "peerDependencies": { "aws-crt": ">=1.0.0" }, "optionalPeers": ["aws-crt"] }, "sha512-Az2e4/gmPZ4BpB7QRj7U76I+fctXhNcxlcgsaHnMhvt+R30nvzM2EhsyBUvsWl8+r9bnLeYt9BpvEZeq2ANDzA=="],

    "@smithy/abort-controller": ["@smithy/abort-controller@4.0.2", "", { "dependencies": { "@smithy/types": "^4.2.0", "tslib": "^2.6.2" } }, "sha512-Sl/78VDtgqKxN2+1qduaVE140XF+Xg+TafkncspwM4jFP/LHr76ZHmIY/y3V1M0mMLNk+Je6IGbzxy23RSToMw=="],

    "@smithy/config-resolver": ["@smithy/config-resolver@4.1.2", "", { "dependencies": { "@smithy/node-config-provider": "^4.1.1", "@smithy/types": "^4.2.0", "@smithy/util-config-provider": "^4.0.0", "@smithy/util-middleware": "^4.0.2", "tslib": "^2.6.2" } }, "sha512-7r6mZGwb5LmLJ+zPtkLoznf2EtwEuSWdtid10pjGl/7HefCE4mueOkrfki8JCUm99W6UfP47/r3tbxx9CfBN5A=="],

    "@smithy/core": ["@smithy/core@3.3.1", "", { "dependencies": { "@smithy/middleware-serde": "^4.0.3", "@smithy/protocol-http": "^5.1.0", "@smithy/types": "^4.2.0", "@smithy/util-body-length-browser": "^4.0.0", "@smithy/util-middleware": "^4.0.2", "@smithy/util-stream": "^4.2.0", "@smithy/util-utf8": "^4.0.0", "tslib": "^2.6.2" } }, "sha512-W7AppgQD3fP1aBmo8wWo0id5zeR2/aYRy067vZsDVaa6v/mdhkg6DxXwEVuSPjZl+ZnvWAQbUMCd5ckw38+tHQ=="],

    "@smithy/credential-provider-imds": ["@smithy/credential-provider-imds@4.0.4", "", { "dependencies": { "@smithy/node-config-provider": "^4.1.1", "@smithy/property-provider": "^4.0.2", "@smithy/types": "^4.2.0", "@smithy/url-parser": "^4.0.2", "tslib": "^2.6.2" } }, "sha512-jN6M6zaGVyB8FmNGG+xOPQB4N89M1x97MMdMnm1ESjljLS3Qju/IegQizKujaNcy2vXAvrz0en8bobe6E55FEA=="],

    "@smithy/fetch-http-handler": ["@smithy/fetch-http-handler@5.0.2", "", { "dependencies": { "@smithy/protocol-http": "^5.1.0", "@smithy/querystring-builder": "^4.0.2", "@smithy/types": "^4.2.0", "@smithy/util-base64": "^4.0.0", "tslib": "^2.6.2" } }, "sha512-+9Dz8sakS9pe7f2cBocpJXdeVjMopUDLgZs1yWeu7h++WqSbjUYv/JAJwKwXw1HV6gq1jyWjxuyn24E2GhoEcQ=="],

    "@smithy/hash-node": ["@smithy/hash-node@4.0.2", "", { "dependencies": { "@smithy/types": "^4.2.0", "@smithy/util-buffer-from": "^4.0.0", "@smithy/util-utf8": "^4.0.0", "tslib": "^2.6.2" } }, "sha512-VnTpYPnRUE7yVhWozFdlxcYknv9UN7CeOqSrMH+V877v4oqtVYuoqhIhtSjmGPvYrYnAkaM61sLMKHvxL138yg=="],

    "@smithy/invalid-dependency": ["@smithy/invalid-dependency@4.0.2", "", { "dependencies": { "@smithy/types": "^4.2.0", "tslib": "^2.6.2" } }, "sha512-GatB4+2DTpgWPday+mnUkoumP54u/MDM/5u44KF9hIu8jF0uafZtQLcdfIKkIcUNuF/fBojpLEHZS/56JqPeXQ=="],

    "@smithy/is-array-buffer": ["@smithy/is-array-buffer@4.0.0", "", { "dependencies": { "tslib": "^2.6.2" } }, "sha512-saYhF8ZZNoJDTvJBEWgeBccCg+yvp1CX+ed12yORU3NilJScfc6gfch2oVb4QgxZrGUx3/ZJlb+c/dJbyupxlw=="],

    "@smithy/md5-js": ["@smithy/md5-js@4.0.2", "", { "dependencies": { "@smithy/types": "^4.2.0", "@smithy/util-utf8": "^4.0.0", "tslib": "^2.6.2" } }, "sha512-Hc0R8EiuVunUewCse2syVgA2AfSRco3LyAv07B/zCOMa+jpXI9ll+Q21Nc6FAlYPcpNcAXqBzMhNs1CD/pP2bA=="],

    "@smithy/middleware-content-length": ["@smithy/middleware-content-length@4.0.2", "", { "dependencies": { "@smithy/protocol-http": "^5.1.0", "@smithy/types": "^4.2.0", "tslib": "^2.6.2" } }, "sha512-hAfEXm1zU+ELvucxqQ7I8SszwQ4znWMbNv6PLMndN83JJN41EPuS93AIyh2N+gJ6x8QFhzSO6b7q2e6oClDI8A=="],

    "@smithy/middleware-endpoint": ["@smithy/middleware-endpoint@4.1.4", "", { "dependencies": { "@smithy/core": "^3.3.1", "@smithy/middleware-serde": "^4.0.3", "@smithy/node-config-provider": "^4.1.1", "@smithy/shared-ini-file-loader": "^4.0.2", "@smithy/types": "^4.2.0", "@smithy/url-parser": "^4.0.2", "@smithy/util-middleware": "^4.0.2", "tslib": "^2.6.2" } }, "sha512-qWyYvszzvDjT2AxRvEpNhnMTo8QX9MCAtuSA//kYbXewb+2mEGQCk1UL4dNIrKLcF5KT11dOJtxFYT0kzajq5g=="],

    "@smithy/middleware-retry": ["@smithy/middleware-retry@4.1.5", "", { "dependencies": { "@smithy/node-config-provider": "^4.1.1", "@smithy/protocol-http": "^5.1.0", "@smithy/service-error-classification": "^4.0.3", "@smithy/smithy-client": "^4.2.4", "@smithy/types": "^4.2.0", "@smithy/util-middleware": "^4.0.2", "@smithy/util-retry": "^4.0.3", "tslib": "^2.6.2", "uuid": "^9.0.1" } }, "sha512-eQguCTA2TRGyg4P7gDuhRjL2HtN5OKJXysq3Ufj0EppZe4XBmSyKIvVX9ws9KkD3lkJskw1tfE96wMFsiUShaw=="],

    "@smithy/middleware-serde": ["@smithy/middleware-serde@4.0.3", "", { "dependencies": { "@smithy/types": "^4.2.0", "tslib": "^2.6.2" } }, "sha512-rfgDVrgLEVMmMn0BI8O+8OVr6vXzjV7HZj57l0QxslhzbvVfikZbVfBVthjLHqib4BW44QhcIgJpvebHlRaC9A=="],

    "@smithy/middleware-stack": ["@smithy/middleware-stack@4.0.2", "", { "dependencies": { "@smithy/types": "^4.2.0", "tslib": "^2.6.2" } }, "sha512-eSPVcuJJGVYrFYu2hEq8g8WWdJav3sdrI4o2c6z/rjnYDd3xH9j9E7deZQCzFn4QvGPouLngH3dQ+QVTxv5bOQ=="],

    "@smithy/node-config-provider": ["@smithy/node-config-provider@4.1.1", "", { "dependencies": { "@smithy/property-provider": "^4.0.2", "@smithy/shared-ini-file-loader": "^4.0.2", "@smithy/types": "^4.2.0", "tslib": "^2.6.2" } }, "sha512-1slS5jf5icHETwl5hxEVBj+mh6B+LbVW4yRINsGtUKH+nxM5Pw2H59+qf+JqYFCHp9jssG4vX81f5WKnjMN3Vw=="],

    "@smithy/node-http-handler": ["@smithy/node-http-handler@4.0.4", "", { "dependencies": { "@smithy/abort-controller": "^4.0.2", "@smithy/protocol-http": "^5.1.0", "@smithy/querystring-builder": "^4.0.2", "@smithy/types": "^4.2.0", "tslib": "^2.6.2" } }, "sha512-/mdqabuAT3o/ihBGjL94PUbTSPSRJ0eeVTdgADzow0wRJ0rN4A27EOrtlK56MYiO1fDvlO3jVTCxQtQmK9dZ1g=="],

    "@smithy/property-provider": ["@smithy/property-provider@4.0.2", "", { "dependencies": { "@smithy/types": "^4.2.0", "tslib": "^2.6.2" } }, "sha512-wNRoQC1uISOuNc2s4hkOYwYllmiyrvVXWMtq+TysNRVQaHm4yoafYQyjN/goYZS+QbYlPIbb/QRjaUZMuzwQ7A=="],

    "@smithy/protocol-http": ["@smithy/protocol-http@5.1.0", "", { "dependencies": { "@smithy/types": "^4.2.0", "tslib": "^2.6.2" } }, "sha512-KxAOL1nUNw2JTYrtviRRjEnykIDhxc84qMBzxvu1MUfQfHTuBlCG7PA6EdVwqpJjH7glw7FqQoFxUJSyBQgu7g=="],

    "@smithy/querystring-builder": ["@smithy/querystring-builder@4.0.2", "", { "dependencies": { "@smithy/types": "^4.2.0", "@smithy/util-uri-escape": "^4.0.0", "tslib": "^2.6.2" } }, "sha512-NTOs0FwHw1vimmQM4ebh+wFQvOwkEf/kQL6bSM1Lock+Bv4I89B3hGYoUEPkmvYPkDKyp5UdXJYu+PoTQ3T31Q=="],

    "@smithy/querystring-parser": ["@smithy/querystring-parser@4.0.2", "", { "dependencies": { "@smithy/types": "^4.2.0", "tslib": "^2.6.2" } }, "sha512-v6w8wnmZcVXjfVLjxw8qF7OwESD9wnpjp0Dqry/Pod0/5vcEA3qxCr+BhbOHlxS8O+29eLpT3aagxXGwIoEk7Q=="],

    "@smithy/service-error-classification": ["@smithy/service-error-classification@4.0.3", "", { "dependencies": { "@smithy/types": "^4.2.0" } }, "sha512-FTbcajmltovWMjj3tksDQdD23b2w6gH+A0DYA1Yz3iSpjDj8fmkwy62UnXcWMy4d5YoMoSyLFHMfkEVEzbiN8Q=="],

    "@smithy/shared-ini-file-loader": ["@smithy/shared-ini-file-loader@4.0.2", "", { "dependencies": { "@smithy/types": "^4.2.0", "tslib": "^2.6.2" } }, "sha512-J9/gTWBGVuFZ01oVA6vdb4DAjf1XbDhK6sLsu3OS9qmLrS6KB5ygpeHiM3miIbj1qgSJ96GYszXFWv6ErJ8QEw=="],

    "@smithy/signature-v4": ["@smithy/signature-v4@5.1.0", "", { "dependencies": { "@smithy/is-array-buffer": "^4.0.0", "@smithy/protocol-http": "^5.1.0", "@smithy/types": "^4.2.0", "@smithy/util-hex-encoding": "^4.0.0", "@smithy/util-middleware": "^4.0.2", "@smithy/util-uri-escape": "^4.0.0", "@smithy/util-utf8": "^4.0.0", "tslib": "^2.6.2" } }, "sha512-4t5WX60sL3zGJF/CtZsUQTs3UrZEDO2P7pEaElrekbLqkWPYkgqNW1oeiNYC6xXifBnT9dVBOnNQRvOE9riU9w=="],

    "@smithy/smithy-client": ["@smithy/smithy-client@4.2.4", "", { "dependencies": { "@smithy/core": "^3.3.1", "@smithy/middleware-endpoint": "^4.1.4", "@smithy/middleware-stack": "^4.0.2", "@smithy/protocol-http": "^5.1.0", "@smithy/types": "^4.2.0", "@smithy/util-stream": "^4.2.0", "tslib": "^2.6.2" } }, "sha512-oolSEpr/ABUtVmFMdNgi6sSXsK4csV9n4XM9yXgvDJGRa32tQDUdv9s+ztFZKccay1AiTWLSGsyDj2xy1gsv7Q=="],

    "@smithy/types": ["@smithy/types@4.2.0", "", { "dependencies": { "tslib": "^2.6.2" } }, "sha512-7eMk09zQKCO+E/ivsjQv+fDlOupcFUCSC/L2YUPgwhvowVGWbPQHjEFcmjt7QQ4ra5lyowS92SV53Zc6XD4+fg=="],

    "@smithy/url-parser": ["@smithy/url-parser@4.0.2", "", { "dependencies": { "@smithy/querystring-parser": "^4.0.2", "@smithy/types": "^4.2.0", "tslib": "^2.6.2" } }, "sha512-Bm8n3j2ScqnT+kJaClSVCMeiSenK6jVAzZCNewsYWuZtnBehEz4r2qP0riZySZVfzB+03XZHJeqfmJDkeeSLiQ=="],

    "@smithy/util-base64": ["@smithy/util-base64@4.0.0", "", { "dependencies": { "@smithy/util-buffer-from": "^4.0.0", "@smithy/util-utf8": "^4.0.0", "tslib": "^2.6.2" } }, "sha512-CvHfCmO2mchox9kjrtzoHkWHxjHZzaFojLc8quxXY7WAAMAg43nuxwv95tATVgQFNDwd4M9S1qFzj40Ul41Kmg=="],

    "@smithy/util-body-length-browser": ["@smithy/util-body-length-browser@4.0.0", "", { "dependencies": { "tslib": "^2.6.2" } }, "sha512-sNi3DL0/k64/LO3A256M+m3CDdG6V7WKWHdAiBBMUN8S3hK3aMPhwnPik2A/a2ONN+9doY9UxaLfgqsIRg69QA=="],

    "@smithy/util-body-length-node": ["@smithy/util-body-length-node@4.0.0", "", { "dependencies": { "tslib": "^2.6.2" } }, "sha512-q0iDP3VsZzqJyje8xJWEJCNIu3lktUGVoSy1KB0UWym2CL1siV3artm+u1DFYTLejpsrdGyCSWBdGNjJzfDPjg=="],

    "@smithy/util-buffer-from": ["@smithy/util-buffer-from@4.0.0", "", { "dependencies": { "@smithy/is-array-buffer": "^4.0.0", "tslib": "^2.6.2" } }, "sha512-9TOQ7781sZvddgO8nxueKi3+yGvkY35kotA0Y6BWRajAv8jjmigQ1sBwz0UX47pQMYXJPahSKEKYFgt+rXdcug=="],

    "@smithy/util-config-provider": ["@smithy/util-config-provider@4.0.0", "", { "dependencies": { "tslib": "^2.6.2" } }, "sha512-L1RBVzLyfE8OXH+1hsJ8p+acNUSirQnWQ6/EgpchV88G6zGBTDPdXiiExei6Z1wR2RxYvxY/XLw6AMNCCt8H3w=="],

    "@smithy/util-defaults-mode-browser": ["@smithy/util-defaults-mode-browser@4.0.12", "", { "dependencies": { "@smithy/property-provider": "^4.0.2", "@smithy/smithy-client": "^4.2.4", "@smithy/types": "^4.2.0", "bowser": "^2.11.0", "tslib": "^2.6.2" } }, "sha512-0vPKiC+rXWMq397tsa/RFcO/kJ1UsibgNCXScMsRwzm9WMT4QjGf43zVPWZ5hPLu3z/1XddiZFIlKcu2j/yUuQ=="],

    "@smithy/util-defaults-mode-node": ["@smithy/util-defaults-mode-node@4.0.12", "", { "dependencies": { "@smithy/config-resolver": "^4.1.2", "@smithy/credential-provider-imds": "^4.0.4", "@smithy/node-config-provider": "^4.1.1", "@smithy/property-provider": "^4.0.2", "@smithy/smithy-client": "^4.2.4", "@smithy/types": "^4.2.0", "tslib": "^2.6.2" } }, "sha512-zCx9noceM3Pw2jvcJ3w3RbvKnPe3lCo6txH9ksZj6CeRZPkvRZPLXmKVSOvDr9QQP3VRq/WnBLd+LTZAL7+0IQ=="],

    "@smithy/util-endpoints": ["@smithy/util-endpoints@3.0.4", "", { "dependencies": { "@smithy/node-config-provider": "^4.1.1", "@smithy/types": "^4.2.0", "tslib": "^2.6.2" } }, "sha512-VfFATC1bmZLV2858B/O1NpMcL32wYo8DPPhHxYxDCodDl3f3mSZ5oJheW1IF91A0EeAADz2WsakM/hGGPGNKLg=="],

    "@smithy/util-hex-encoding": ["@smithy/util-hex-encoding@4.0.0", "", { "dependencies": { "tslib": "^2.6.2" } }, "sha512-Yk5mLhHtfIgW2W2WQZWSg5kuMZCVbvhFmC7rV4IO2QqnZdbEFPmQnCcGMAX2z/8Qj3B9hYYNjZOhWym+RwhePw=="],

    "@smithy/util-middleware": ["@smithy/util-middleware@4.0.2", "", { "dependencies": { "@smithy/types": "^4.2.0", "tslib": "^2.6.2" } }, "sha512-6GDamTGLuBQVAEuQ4yDQ+ti/YINf/MEmIegrEeg7DdB/sld8BX1lqt9RRuIcABOhAGTA50bRbPzErez7SlDtDQ=="],

    "@smithy/util-retry": ["@smithy/util-retry@4.0.3", "", { "dependencies": { "@smithy/service-error-classification": "^4.0.3", "@smithy/types": "^4.2.0", "tslib": "^2.6.2" } }, "sha512-DPuYjZQDXmKr/sNvy9Spu8R/ESa2e22wXZzSAY6NkjOLj6spbIje/Aq8rT97iUMdDj0qHMRIe+bTxvlU74d9Ng=="],

    "@smithy/util-stream": ["@smithy/util-stream@4.2.0", "", { "dependencies": { "@smithy/fetch-http-handler": "^5.0.2", "@smithy/node-http-handler": "^4.0.4", "@smithy/types": "^4.2.0", "@smithy/util-base64": "^4.0.0", "@smithy/util-buffer-from": "^4.0.0", "@smithy/util-hex-encoding": "^4.0.0", "@smithy/util-utf8": "^4.0.0", "tslib": "^2.6.2" } }, "sha512-Vj1TtwWnuWqdgQI6YTUF5hQ/0jmFiOYsc51CSMgj7QfyO+RF4EnT2HNjoviNlOOmgzgvf3f5yno+EiC4vrnaWQ=="],

    "@smithy/util-uri-escape": ["@smithy/util-uri-escape@4.0.0", "", { "dependencies": { "tslib": "^2.6.2" } }, "sha512-77yfbCbQMtgtTylO9itEAdpPXSog3ZxMe09AEhm0dU0NLTalV70ghDZFR+Nfi1C60jnJoh/Re4090/DuZh2Omg=="],

    "@smithy/util-utf8": ["@smithy/util-utf8@4.0.0", "", { "dependencies": { "@smithy/util-buffer-from": "^4.0.0", "tslib": "^2.6.2" } }, "sha512-b+zebfKCfRdgNJDknHCob3O7FpeYQN6ZG6YLExMcasDHsCXlsXCEuiPZeLnJLpwa5dvPetGlnGCiMHuLwGvFow=="],

    "@types/bun": ["@types/bun@1.2.13", "", { "dependencies": { "bun-types": "1.2.13" } }, "sha512-u6vXep/i9VBxoJl3GjZsl/BFIsvML8DfVDO0RYLEwtSZSp981kEO1V5NwRcO1CPJ7AmvpbnDCiMKo3JvbDEjAg=="],

    "@types/node": ["@types/node@22.15.17", "", { "dependencies": { "undici-types": "~6.21.0" } }, "sha512-wIX2aSZL5FE+MR0JlvF87BNVrtFWf6AE6rxSE9X7OwnVvoyCQjpzSRJ+M87se/4QCkCiebQAqrJ0y6fwIyi7nw=="],

    "@types/nodemailer": ["@types/nodemailer@6.4.17", "", { "dependencies": { "@types/node": "*" } }, "sha512-I9CCaIp6DTldEg7vyUTZi8+9Vo0hi1/T8gv3C89yk1rSAAzoKQ8H8ki/jBYJSFoH/BisgLP8tkZMlQ91CIquww=="],

    "bowser": ["bowser@2.11.0", "", {}, "sha512-AlcaJBi/pqqJBIQ8U9Mcpc9i8Aqxn88Skv5d+xBX006BY5u8N3mGLHa5Lgppa7L/HfwgwLgZ6NYs+Ag6uUmJRA=="],

    "bun-types": ["bun-types@1.2.13", "", { "dependencies": { "@types/node": "*" } }, "sha512-rRjA1T6n7wto4gxhAO/ErZEtOXyEZEmnIHQfl0Dt1QQSB4QV0iP6BZ9/YB5fZaHFQ2dwHFrmPaRQ9GGMX01k9Q=="],

    "chalk": ["chalk@5.4.1", "", {}, "sha512-zgVZuo2WcZgfUEmsn6eO3kINexW8RAE4maiQ8QNs8CtpPCSyMiYsULR3HQYkm3w8FIA3SberyMJMSldGsW+U3w=="],

    "dotenv": ["dotenv@16.5.0", "", {}, "sha512-m/C+AwOAr9/W1UOIZUo232ejMNnJAJtYQjUbHoNTBNTJSvqzzDh7vnrei3o3r3m9blf6ZoDkvcw0VmozNRFJxg=="],

    "email": ["email@file:", { "dependencies": { "@aws-sdk/client-sqs": "^3.777.0", "chalk": "^5.4.1", "dotenv": "^16.4.7", "email": "file:", "hono": "^4.7.4", "nodemailer": "^6.10.0", "zod": "^3.24.2" }, "devDependencies": { "@types/bun": "latest", "@types/nodemailer": "^6.4.17", "prettier": "^3.5.3" } }],

    "fast-xml-parser": ["fast-xml-parser@4.4.1", "", { "dependencies": { "strnum": "^1.0.5" }, "bin": { "fxparser": "src/cli/cli.js" } }, "sha512-xkjOecfnKGkSsOwtZ5Pz7Us/T6mrbPQrq0nh+aCO5V9nk5NLWmasAHumTKjiPJPWANe+kAZ84Jc8ooJkzZ88Sw=="],

    "hono": ["hono@4.7.9", "", {}, "sha512-/EsCoR5h7N4yu01TDu9GMCCJa6ZLk5ZJIWFFGNawAXmd1Tp53+Wir4xm0D2X19bbykWUlzQG0+BvPAji6p9E8Q=="],

    "nodemailer": ["nodemailer@6.10.1", "", {}, "sha512-Z+iLaBGVaSjbIzQ4pX6XV41HrooLsQ10ZWPUehGmuantvzWoDVBnmsdUcOIDM1t+yPor5pDhVlDESgOMEGxhHA=="],

    "prettier": ["prettier@3.5.3", "", { "bin": { "prettier": "bin/prettier.cjs" } }, "sha512-QQtaxnoDJeAkDvDKWCLiwIXkTgRhwYDEQCghU9Z6q03iyek/rxRh/2lC3HB7P8sWT2xC/y5JDctPLBIGzHKbhw=="],

    "strnum": ["strnum@1.1.2", "", {}, "sha512-vrN+B7DBIoTTZjnPNewwhx6cBA/H+IS7rfW68n7XxC1y7uoiGQBxaKzqucGUgavX15dJgiGztLJ8vxuEzwqBdA=="],

    "tslib": ["tslib@2.8.1", "", {}, "sha512-oJFu94HQb+KVduSUQL7wnpmqnfmLsOA/nAh6b6EH0wCEoK0/mPeXU6c3wKDV83MkOuHPRHtSXKKU99IBazS/2w=="],

    "undici-types": ["undici-types@6.21.0", "", {}, "sha512-iwDZqg0QAGrg9Rav5H4n0M64c3mkR59cJ6wQp+7C4nI0gsmExaedaYLNO44eT4AtBBwjbTiGPMlt2Md0T9H9JQ=="],

    "uuid": ["uuid@9.0.1", "", { "bin": { "uuid": "dist/bin/uuid" } }, "sha512-b+1eJOlsR9K8HJpow9Ok3fiWOWSIcIzXodvv0rQjVoOVNpWMpxf1wZNpt4y9h10odCNrqnYp1OBzRktckBe3sA=="],

    "zod": ["zod@3.24.4", "", {}, "sha512-OdqJE9UDRPwWsrHjLN2F8bPxvwJBK22EHLWtanu0LSYr5YqzsaaW3RMgmjwr8Rypg5k+meEJdSPXJZXE/yqOMg=="],

    "@aws-crypto/sha256-browser/@smithy/util-utf8": ["@smithy/util-utf8@2.3.0", "", { "dependencies": { "@smithy/util-buffer-from": "^2.2.0", "tslib": "^2.6.2" } }, "sha512-R8Rdn8Hy72KKcebgLiv8jQcQkXoLMOGGv5uI1/k0l+snqkOzQ1R0ChUBCxWMlBsFMekWjq0wRudIweFs7sKT5A=="],

    "@aws-crypto/util/@smithy/util-utf8": ["@smithy/util-utf8@2.3.0", "", { "dependencies": { "@smithy/util-buffer-from": "^2.2.0", "tslib": "^2.6.2" } }, "sha512-R8Rdn8Hy72KKcebgLiv8jQcQkXoLMOGGv5uI1/k0l+snqkOzQ1R0ChUBCxWMlBsFMekWjq0wRudIweFs7sKT5A=="],

    "email/email": ["email@file:.", {}],

    "@aws-crypto/sha256-browser/@smithy/util-utf8/@smithy/util-buffer-from": ["@smithy/util-buffer-from@2.2.0", "", { "dependencies": { "@smithy/is-array-buffer": "^2.2.0", "tslib": "^2.6.2" } }, "sha512-IJdWBbTcMQ6DA0gdNhh/BwrLkDR+ADW5Kr1aZmd4k3DIF6ezMV4R2NIAmT08wQJ3yUK82thHWmC/TnK/wpMMIA=="],

    "@aws-crypto/util/@smithy/util-utf8/@smithy/util-buffer-from": ["@smithy/util-buffer-from@2.2.0", "", { "dependencies": { "@smithy/is-array-buffer": "^2.2.0", "tslib": "^2.6.2" } }, "sha512-IJdWBbTcMQ6DA0gdNhh/BwrLkDR+ADW5Kr1aZmd4k3DIF6ezMV4R2NIAmT08wQJ3yUK82thHWmC/TnK/wpMMIA=="],

    "@aws-crypto/sha256-browser/@smithy/util-utf8/@smithy/util-buffer-from/@smithy/is-array-buffer": ["@smithy/is-array-buffer@2.2.0", "", { "dependencies": { "tslib": "^2.6.2" } }, "sha512-GGP3O9QFD24uGeAXYUjwSTXARoqpZykHadOmA8G5vfJPK0/DC67qa//0qvqrJzL1xc8WQWX7/yc7fwudjPHPhA=="],

    "@aws-crypto/util/@smithy/util-utf8/@smithy/util-buffer-from/@smithy/is-array-buffer": ["@smithy/is-array-buffer@2.2.0", "", { "dependencies": { "tslib": "^2.6.2" } }, "sha512-GGP3O9QFD24uGeAXYUjwSTXARoqpZykHadOmA8G5vfJPK0/DC67qa//0qvqrJzL1xc8WQWX7/yc7fwudjPHPhA=="],
  }
}
